// !$*UTF8*$!
{
	archiveVersion = 1;
	classes = {
	};
	objectVersion = 77;
	objects = {

/* Begin PBXContainerItemProxy section */
		270A22072C9A562F005CE2C5 /* PBXContainerItemProxy */ = {
			isa = PBXContainerItemProxy;
			containerPortal = 270A21EE2C9A562C005CE2C5 /* Project object */;
			proxyType = 1;
			remoteGlobalIDString = 270A21F52C9A562C005CE2C5;
			remoteInfo = FacebookCloneSwifUI;
		};
		270A22112C9A562F005CE2C5 /* PBXContainerItemProxy */ = {
			isa = PBXContainerItemProxy;
			containerPortal = 270A21EE2C9A562C005CE2C5 /* Project object */;
			proxyType = 1;
			remoteGlobalIDString = 270A21F52C9A562C005CE2C5;
			remoteInfo = FacebookCloneSwifUI;
		};
/* End PBXContainerItemProxy section */

/* Begin PBXFileReference section */
		270A21F62C9A562C005CE2C5 /* FacebookCloneSwifUI.app */ = {isa = PBXFileReference; explicitFileType = wrapper.application; includeInIndex = 0; path = FacebookCloneSwifUI.app; sourceTree = BUILT_PRODUCTS_DIR; };
		270A22062C9A562F005CE2C5 /* FacebookCloneSwifUITests.xctest */ = {isa = PBXFileReference; explicitFileType = wrapper.cfbundle; includeInIndex = 0; path = FacebookCloneSwifUITests.xctest; sourceTree = BUILT_PRODUCTS_DIR; };
		270A22102C9A562F005CE2C5 /* FacebookCloneSwifUIUITests.xctest */ = {isa = PBXFileReference; explicitFileType = wrapper.cfbundle; includeInIndex = 0; path = FacebookCloneSwifUIUITests.xctest; sourceTree = BUILT_PRODUCTS_DIR; };
/* End PBXFileReference section */

/* Begin PBXFileSystemSynchronizedRootGroup section */
		270A21F82C9A562C005CE2C5 /* FacebookCloneSwifUI */ = {
			isa = PBXFileSystemSynchronizedRootGroup;
			path = FacebookCloneSwifUI;
			sourceTree = "<group>";
		};
		270A22092C9A562F005CE2C5 /* FacebookCloneSwifUITests */ = {
			isa = PBXFileSystemSynchronizedRootGroup;
			path = FacebookCloneSwifUITests;
			sourceTree = "<group>";
		};
		270A22132C9A562F005CE2C5 /* FacebookCloneSwifUIUITests */ = {
			isa = PBXFileSystemSynchronizedRootGroup;
			path = FacebookCloneSwifUIUITests;
			sourceTree = "<group>";
		};
/* End PBXFileSystemSynchronizedRootGroup section */

/* Begin PBXFrameworksBuildPhase section */
		270A21F32C9A562C005CE2C5 /* Frameworks */ = {
			isa = PBXFrameworksBuildPhase;
			buildActionMask = 2147483647;
			files = (
			);
			runOnlyForDeploymentPostprocessing = 0;
		};
		270A22032C9A562F005CE2C5 /* Frameworks */ = {
			isa = PBXFrameworksBuildPhase;
			buildActionMask = 2147483647;
			files = (
			);
			runOnlyForDeploymentPostprocessing = 0;
		};
		270A220D2C9A562F005CE2C5 /* Frameworks */ = {
			isa = PBXFrameworksBuildPhase;
			buildActionMask = 2147483647;
			files = (
			);
			runOnlyForDeploymentPostprocessing = 0;
		};
/* End PBXFrameworksBuildPhase section */

/* Begin PBXGroup section */
		270A21ED2C9A562C005CE2C5 = {
			isa = PBXGroup;
			children = (
				270A21F82C9A562C005CE2C5 /* FacebookCloneSwifUI */,
				270A22092C9A562F005CE2C5 /* FacebookCloneSwifUITests */,
				270A22132C9A562F005CE2C5 /* FacebookCloneSwifUIUITests */,
				270A21F72C9A562C005CE2C5 /* Products */,
			);
			sourceTree = "<group>";
		};
		270A21F72C9A562C005CE2C5 /* Products */ = {
			isa = PBXGroup;
			children = (
				270A21F62C9A562C005CE2C5 /* FacebookCloneSwifUI.app */,
				270A22062C9A562F005CE2C5 /* FacebookCloneSwifUITests.xctest */,
				270A22102C9A562F005CE2C5 /* FacebookCloneSwifUIUITests.xctest */,
			);
			name = Products;
			sourceTree = "<group>";
		};
/* End PBXGroup section */

/* Begin PBXNativeTarget section */
		270A21F52C9A562C005CE2C5 /* FacebookCloneSwifUI */ = {
			isa = PBXNativeTarget;
			buildConfigurationList = 270A221A2C9A562F005CE2C5 /* Build configuration list for PBXNativeTarget "FacebookCloneSwifUI" */;
			buildPhases = (
				270A21F22C9A562C005CE2C5 /* Sources */,
				270A21F32C9A562C005CE2C5 /* Frameworks */,
				270A21F42C9A562C005CE2C5 /* Resources */,
			);
			buildRules = (
			);
			dependencies = (
			);
			fileSystemSynchronizedGroups = (
				270A21F82C9A562C005CE2C5 /* FacebookCloneSwifUI */,
			);
			name = FacebookCloneSwifUI;
			packageProductDependencies = (
			);
			productName = FacebookCloneSwifUI;
			productReference = 270A21F62C9A562C005CE2C5 /* FacebookCloneSwifUI.app */;
			productType = "com.apple.product-type.application";
		};
		270A22052C9A562F005CE2C5 /* FacebookCloneSwifUITests */ = {
			isa = PBXNativeTarget;
			buildConfigurationList = 270A221D2C9A562F005CE2C5 /* Build configuration list for PBXNativeTarget "FacebookCloneSwifUITests" */;
			buildPhases = (
				270A22022C9A562F005CE2C5 /* Sources */,
				270A22032C9A562F005CE2C5 /* Frameworks */,
				270A22042C9A562F005CE2C5 /* Resources */,
			);
			buildRules = (
			);
			dependencies = (
				270A22082C9A562F005CE2C5 /* PBXTargetDependency */,
			);
			fileSystemSynchronizedGroups = (
				270A22092C9A562F005CE2C5 /* FacebookCloneSwifUITests */,
			);
			name = FacebookCloneSwifUITests;
			packageProductDependencies = (
			);
			productName = FacebookCloneSwifUITests;
			productReference = 270A22062C9A562F005CE2C5 /* FacebookCloneSwifUITests.xctest */;
			productType = "com.apple.product-type.bundle.unit-test";
		};
		270A220F2C9A562F005CE2C5 /* FacebookCloneSwifUIUITests */ = {
			isa = PBXNativeTarget;
			buildConfigurationList = 270A22202C9A562F005CE2C5 /* Build configuration list for PBXNativeTarget "FacebookCloneSwifUIUITests" */;
			buildPhases = (
				270A220C2C9A562F005CE2C5 /* Sources */,
				270A220D2C9A562F005CE2C5 /* Frameworks */,
				270A220E2C9A562F005CE2C5 /* Resources */,
			);
			buildRules = (
			);
			dependencies = (
				270A22122C9A562F005CE2C5 /* PBXTargetDependency */,
			);
			fileSystemSynchronizedGroups = (
				270A22132C9A562F005CE2C5 /* FacebookCloneSwifUIUITests */,
			);
			name = FacebookCloneSwifUIUITests;
			packageProductDependencies = (
			);
			productName = FacebookCloneSwifUIUITests;
			productReference = 270A22102C9A562F005CE2C5 /* FacebookCloneSwifUIUITests.xctest */;
			productType = "com.apple.product-type.bundle.ui-testing";
		};
/* End PBXNativeTarget section */

/* Begin PBXProject section */
		270A21EE2C9A562C005CE2C5 /* Project object */ = {
			isa = PBXProject;
			attributes = {
				BuildIndependentTargetsInParallel = 1;
				LastSwiftUpdateCheck = 1600;
				LastUpgradeCheck = 1600;
				TargetAttributes = {
					270A21F52C9A562C005CE2C5 = {
						CreatedOnToolsVersion = 16.0;
					};
					270A22052C9A562F005CE2C5 = {
						CreatedOnToolsVersion = 16.0;
						TestTargetID = 270A21F52C9A562C005CE2C5;
					};
					270A220F2C9A562F005CE2C5 = {
						CreatedOnToolsVersion = 16.0;
						TestTargetID = 270A21F52C9A562C005CE2C5;
					};
				};
			};
			buildConfigurationList = 270A21F12C9A562C005CE2C5 /* Build configuration list for PBXProject "FacebookCloneSwifUI" */;
			developmentRegion = en;
			hasScannedForEncodings = 0;
			knownRegions = (
				en,
				Base,
			);
			mainGroup = 270A21ED2C9A562C005CE2C5;
			minimizedProjectReferenceProxies = 1;
			preferredProjectObjectVersion = 77;
			productRefGroup = 270A21F72C9A562C005CE2C5 /* Products */;
			projectDirPath = "";
			projectRoot = "";
			targets = (
				270A21F52C9A562C005CE2C5 /* FacebookCloneSwifUI */,
				270A22052C9A562F005CE2C5 /* FacebookCloneSwifUITests */,
				270A220F2C9A562F005CE2C5 /* FacebookCloneSwifUIUITests */,
			);
		};
/* End PBXProject section */

/* Begin PBXResourcesBuildPhase section */
		270A21F42C9A562C005CE2C5 /* Resources */ = {
			isa = PBXResourcesBuildPhase;
			buildActionMask = 2147483647;
			files = (
			);
			runOnlyForDeploymentPostprocessing = 0;
		};
		270A22042C9A562F005CE2C5 /* Resources */ = {
			isa = PBXResourcesBuildPhase;
			buildActionMask = 2147483647;
			files = (
			);
			runOnlyForDeploymentPostprocessing = 0;
		};
		270A220E2C9A562F005CE2C5 /* Resources */ = {
			isa = PBXResourcesBuildPhase;
			buildActionMask = 2147483647;
			files = (
			);
			runOnlyForDeploymentPostprocessing = 0;
		};
/* End PBXResourcesBuildPhase section */

/* Begin PBXSourcesBuildPhase section */
		270A21F22C9A562C005CE2C5 /* Sources */ = {
			isa = PBXSourcesBuildPhase;
			buildActionMask = 2147483647;
			files = (
			);
			runOnlyForDeploymentPostprocessing = 0;
		};
		270A22022C9A562F005CE2C5 /* Sources */ = {
			isa = PBXSourcesBuildPhase;
			buildActionMask = 2147483647;
			files = (
			);
			runOnlyForDeploymentPostprocessing = 0;
		};
		270A220C2C9A562F005CE2C5 /* Sources */ = {
			isa = PBXSourcesBuildPhase;
			buildActionMask = 2147483647;
			files = (
			);
			runOnlyForDeploymentPostprocessing = 0;
		};
/* End PBXSourcesBuildPhase section */

/* Begin PBXTargetDependency section */
		270A22082C9A562F005CE2C5 /* PBXTargetDependency */ = {
			isa = PBXTargetDependency;
			target = 270A21F52C9A562C005CE2C5 /* FacebookCloneSwifUI */;
			targetProxy = 270A22072C9A562F005CE2C5 /* PBXContainerItemProxy */;
		};
		270A22122C9A562F005CE2C5 /* PBXTargetDependency */ = {
			isa = PBXTargetDependency;
			target = 270A21F52C9A562C005CE2C5 /* FacebookCloneSwifUI */;
			targetProxy = 270A22112C9A562F005CE2C5 /* PBXContainerItemProxy */;
		};
/* End PBXTargetDependency section */

/* Begin XCBuildConfiguration section */
		270A22182C9A562F005CE2C5 /* Debug */ = {
			isa = XCBuildConfiguration;
			buildSettings = {
				ALWAYS_SEARCH_USER_PATHS = NO;
				ASSETCATALOG_COMPILER_GENERATE_SWIFT_ASSET_SYMBOL_EXTENSIONS = YES;
				CLANG_ANALYZER_NONNULL = YES;
				CLANG_ANALYZER_NUMBER_OBJECT_CONVERSION = YES_AGGRESSIVE;
				CLANG_CXX_LANGUAGE_STANDARD = "gnu++20";
				CLANG_ENABLE_MODULES = YES;
				CLANG_ENABLE_OBJC_ARC = YES;
				CLANG_ENABLE_OBJC_WEAK = YES;
				CLANG_WARN_BLOCK_CAPTURE_AUTORELEASING = YES;
				CLANG_WARN_BOOL_CONVERSION = YES;
				CLANG_WARN_COMMA = YES;
				CLANG_WARN_CONSTANT_CONVERSION = YES;
				CLANG_WARN_DEPRECATED_OBJC_IMPLEMENTATIONS = YES;
				CLANG_WARN_DIRECT_OBJC_ISA_USAGE = YES_ERROR;
				CLANG_WARN_DOCUMENTATION_COMMENTS = YES;
				CLANG_WARN_EMPTY_BODY = YES;
				CLANG_WARN_ENUM_CONVERSION = YES;
				CLANG_WARN_INFINITE_RECURSION = YES;
				CLANG_WARN_INT_CONVERSION = YES;
				CLANG_WARN_NON_LITERAL_NULL_CONVERSION = YES;
				CLANG_WARN_OBJC_IMPLICIT_RETAIN_SELF = YES;
				CLANG_WARN_OBJC_LITERAL_CONVERSION = YES;
				CLANG_WARN_OBJC_ROOT_CLASS = YES_ERROR;
				CLANG_WARN_QUOTED_INCLUDE_IN_FRAMEWORK_HEADER = YES;
				CLANG_WARN_RANGE_LOOP_ANALYSIS = YES;
				CLANG_WARN_STRICT_PROTOTYPES = YES;
				CLANG_WARN_SUSPICIOUS_MOVE = YES;
				CLANG_WARN_UNGUARDED_AVAILABILITY = YES_AGGRESSIVE;
				CLANG_WARN_UNREACHABLE_CODE = YES;
				CLANG_WARN__DUPLICATE_METHOD_MATCH = YES;
				COPY_PHASE_STRIP = NO;
				DEBUG_INFORMATION_FORMAT = dwarf;
				ENABLE_STRICT_OBJC_MSGSEND = YES;
				ENABLE_TESTABILITY = YES;
				ENABLE_USER_SCRIPT_SANDBOXING = YES;
				GCC_C_LANGUAGE_STANDARD = gnu17;
				GCC_DYNAMIC_NO_PIC = NO;
				GCC_NO_COMMON_BLOCKS = YES;
				GCC_OPTIMIZATION_LEVEL = 0;
				GCC_PREPROCESSOR_DEFINITIONS = (
					"DEBUG=1",
					"$(inherited)",
				);
				GCC_WARN_64_TO_32_BIT_CONVERSION = YES;
				GCC_WARN_ABOUT_RETURN_TYPE = YES_ERROR;
				GCC_WARN_UNDECLARED_SELECTOR = YES;
				GCC_WARN_UNINITIALIZED_AUTOS = YES_AGGRESSIVE;
				GCC_WARN_UNUSED_FUNCTION = YES;
				GCC_WARN_UNUSED_VARIABLE = YES;
				IPHONEOS_DEPLOYMENT_TARGET = 18.0;
				LOCALIZATION_PREFERS_STRING_CATALOGS = YES;
				MTL_ENABLE_DEBUG_INFO = INCLUDE_SOURCE;
				MTL_FAST_MATH = YES;
				ONLY_ACTIVE_ARCH = YES;
				SDKROOT = iphoneos;
				SWIFT_ACTIVE_COMPILATION_CONDITIONS = "DEBUG $(inherited)";
				SWIFT_OPTIMIZATION_LEVEL = "-Onone";
			};
			name = Debug;
		};
		270A22192C9A562F005CE2C5 /* Release */ = {
			isa = XCBuildConfiguration;
			buildSettings = {
				ALWAYS_SEARCH_USER_PATHS = NO;
				ASSETCATALOG_COMPILER_GENERATE_SWIFT_ASSET_SYMBOL_EXTENSIONS = YES;
				CLANG_ANALYZER_NONNULL = YES;
				CLANG_ANALYZER_NUMBER_OBJECT_CONVERSION = YES_AGGRESSIVE;
				CLANG_CXX_LANGUAGE_STANDARD = "gnu++20";
				CLANG_ENABLE_MODULES = YES;
				CLANG_ENABLE_OBJC_ARC = YES;
				CLANG_ENABLE_OBJC_WEAK = YES;
				CLANG_WARN_BLOCK_CAPTURE_AUTORELEASING = YES;
				CLANG_WARN_BOOL_CONVERSION = YES;
				CLANG_WARN_COMMA = YES;
				CLANG_WARN_CONSTANT_CONVERSION = YES;
				CLANG_WARN_DEPRECATED_OBJC_IMPLEMENTATIONS = YES;
				CLANG_WARN_DIRECT_OBJC_ISA_USAGE = YES_ERROR;
				CLANG_WARN_DOCUMENTATION_COMMENTS = YES;
				CLANG_WARN_EMPTY_BODY = YES;
				CLANG_WARN_ENUM_CONVERSION = YES;
				CLANG_WARN_INFINITE_RECURSION = YES;
				CLANG_WARN_INT_CONVERSION = YES;
				CLANG_WARN_NON_LITERAL_NULL_CONVERSION = YES;
				CLANG_WARN_OBJC_IMPLICIT_RETAIN_SELF = YES;
				CLANG_WARN_OBJC_LITERAL_CONVERSION = YES;
				CLANG_WARN_OBJC_ROOT_CLASS = YES_ERROR;
				CLANG_WARN_QUOTED_INCLUDE_IN_FRAMEWORK_HEADER = YES;
				CLANG_WARN_RANGE_LOOP_ANALYSIS = YES;
				CLANG_WARN_STRICT_PROTOTYPES = YES;
				CLANG_WARN_SUSPICIOUS_MOVE = YES;
				CLANG_WARN_UNGUARDED_AVAILABILITY = YES_AGGRESSIVE;
				CLANG_WARN_UNREACHABLE_CODE = YES;
				CLANG_WARN__DUPLICATE_METHOD_MATCH = YES;
				COPY_PHASE_STRIP = NO;
				DEBUG_INFORMATION_FORMAT = "dwarf-with-dsym";
				ENABLE_NS_ASSERTIONS = NO;
				ENABLE_STRICT_OBJC_MSGSEND = YES;
				ENABLE_USER_SCRIPT_SANDBOXING = YES;
				GCC_C_LANGUAGE_STANDARD = gnu17;
				GCC_NO_COMMON_BLOCKS = YES;
				GCC_WARN_64_TO_32_BIT_CONVERSION = YES;
				GCC_WARN_ABOUT_RETURN_TYPE = YES_ERROR;
				GCC_WARN_UNDECLARED_SELECTOR = YES;
				GCC_WARN_UNINITIALIZED_AUTOS = YES_AGGRESSIVE;
				GCC_WARN_UNUSED_FUNCTION = YES;
				GCC_WARN_UNUSED_VARIABLE = YES;
				IPHONEOS_DEPLOYMENT_TARGET = 18.0;
				LOCALIZATION_PREFERS_STRING_CATALOGS = YES;
				MTL_ENABLE_DEBUG_INFO = NO;
				MTL_FAST_MATH = YES;
				SDKROOT = iphoneos;
				SWIFT_COMPILATION_MODE = wholemodule;
				VALIDATE_PRODUCT = YES;
			};
			name = Release;
		};
		270A221B2C9A562F005CE2C5 /* Debug */ = {
			isa = XCBuildConfiguration;
			buildSettings = {
				ASSETCATALOG_COMPILER_APPICON_NAME = AppIcon;
				ASSETCATALOG_COMPILER_GLOBAL_ACCENT_COLOR_NAME = AccentColor;
				CODE_SIGN_STYLE = Automatic;
				CURRENT_PROJECT_VERSION = 1;
				DEVELOPMENT_ASSET_PATHS = "\"FacebookCloneSwifUI/Preview Content\"";
				DEVELOPMENT_TEAM = R9W76YNY5A;
				ENABLE_PREVIEWS = YES;
				GENERATE_INFOPLIST_FILE = YES;
				INFOPLIST_KEY_UIApplicationSceneManifest_Generation = YES;
				INFOPLIST_KEY_UIApplicationSupportsIndirectInputEvents = YES;
				INFOPLIST_KEY_UILaunchScreen_Generation = YES;
				INFOPLIST_KEY_UISupportedInterfaceOrientations_iPad = "UIInterfaceOrientationPortrait UIInterfaceOrientationPortraitUpsideDown UIInterfaceOrientationLandscapeLeft UIInterfaceOrientationLandscapeRight";
				INFOPLIST_KEY_UISupportedInterfaceOrientations_iPhone = "UIInterfaceOrientationPortrait UIInterfaceOrientationLandscapeLeft UIInterfaceOrientationLandscapeRight";
				LD_RUNPATH_SEARCH_PATHS = (
					"$(inherited)",
					"@executable_path/Frameworks",
				);
				MARKETING_VERSION = 1.0;
				PRODUCT_BUNDLE_IDENTIFIER = com.todoapp.FacebookCloneSwifUI;
				PRODUCT_NAME = "$(TARGET_NAME)";
				SWIFT_EMIT_LOC_STRINGS = YES;
				SWIFT_VERSION = 5.0;
				TARGETED_DEVICE_FAMILY = "1,2";
			};
			name = Debug;
		};
		270A221C2C9A562F005CE2C5 /* Release */ = {
			isa = XCBuildConfiguration;
			buildSettings = {
				ASSETCATALOG_COMPILER_APPICON_NAME = AppIcon;
				ASSETCATALOG_COMPILER_GLOBAL_ACCENT_COLOR_NAME = AccentColor;
				CODE_SIGN_STYLE = Automatic;
				CURRENT_PROJECT_VERSION = 1;
				DEVELOPMENT_ASSET_PATHS = "\"FacebookCloneSwifUI/Preview Content\"";
				DEVELOPMENT_TEAM = R9W76YNY5A;
				ENABLE_PREVIEWS = YES;
				GENERATE_INFOPLIST_FILE = YES;
				INFOPLIST_KEY_UIApplicationSceneManifest_Generation = YES;
				INFOPLIST_KEY_UIApplicationSupportsIndirectInputEvents = YES;
				INFOPLIST_KEY_UILaunchScreen_Generation = YES;
				INFOPLIST_KEY_UISupportedInterfaceOrientations_iPad = "UIInterfaceOrientationPortrait UIInterfaceOrientationPortraitUpsideDown UIInterfaceOrientationLandscapeLeft UIInterfaceOrientationLandscapeRight";
				INFOPLIST_KEY_UISupportedInterfaceOrientations_iPhone = "UIInterfaceOrientationPortrait UIInterfaceOrientationLandscapeLeft UIInterfaceOrientationLandscapeRight";
				LD_RUNPATH_SEARCH_PATHS = (
					"$(inherited)",
					"@executable_path/Frameworks",
				);
				MARKETING_VERSION = 1.0;
				PRODUCT_BUNDLE_IDENTIFIER = com.todoapp.FacebookCloneSwifUI;
				PRODUCT_NAME = "$(TARGET_NAME)";
				SWIFT_EMIT_LOC_STRINGS = YES;
				SWIFT_VERSION = 5.0;
				TARGETED_DEVICE_FAMILY = "1,2";
			};
			name = Release;
		};
		270A221E2C9A562F005CE2C5 /* Debug */ = {
			isa = XCBuildConfiguration;
			buildSettings = {
				BUNDLE_LOADER = "$(TEST_HOST)";
				CODE_SIGN_STYLE = Automatic;
				CURRENT_PROJECT_VERSION = 1;
				DEVELOPMENT_TEAM = R9W76YNY5A;
				GENERATE_INFOPLIST_FILE = YES;
				IPHONEOS_DEPLOYMENT_TARGET = 18.0;
				MARKETING_VERSION = 1.0;
				PRODUCT_BUNDLE_IDENTIFIER = com.todoapp.FacebookCloneSwifUITests;
				PRODUCT_NAME = "$(TARGET_NAME)";
				SWIFT_EMIT_LOC_STRINGS = NO;
				SWIFT_VERSION = 5.0;
				TARGETED_DEVICE_FAMILY = "1,2";
				TEST_HOST = "$(BUILT_PRODUCTS_DIR)/FacebookCloneSwifUI.app/$(BUNDLE_EXECUTABLE_FOLDER_PATH)/FacebookCloneSwifUI";
			};
			name = Debug;
		};
		270A221F2C9A562F005CE2C5 /* Release */ = {
			isa = XCBuildConfiguration;
			buildSettings = {
				BUNDLE_LOADER = "$(TEST_HOST)";
				CODE_SIGN_STYLE = Automatic;
				CURRENT_PROJECT_VERSION = 1;
				DEVELOPMENT_TEAM = R9W76YNY5A;
				GENERATE_INFOPLIST_FILE = YES;
				IPHONEOS_DEPLOYMENT_TARGET = 18.0;
				MARKETING_VERSION = 1.0;
				PRODUCT_BUNDLE_IDENTIFIER = com.todoapp.FacebookCloneSwifUITests;
				PRODUCT_NAME = "$(TARGET_NAME)";
				SWIFT_EMIT_LOC_STRINGS = NO;
				SWIFT_VERSION = 5.0;
				TARGETED_DEVICE_FAMILY = "1,2";
				TEST_HOST = "$(BUILT_PRODUCTS_DIR)/FacebookCloneSwifUI.app/$(BUNDLE_EXECUTABLE_FOLDER_PATH)/FacebookCloneSwifUI";
			};
			name = Release;
		};
		270A22212C9A562F005CE2C5 /* Debug */ = {
			isa = XCBuildConfiguration;
			buildSettings = {
				CODE_SIGN_STYLE = Automatic;
				CURRENT_PROJECT_VERSION = 1;
				DEVELOPMENT_TEAM = R9W76YNY5A;
				GENERATE_INFOPLIST_FILE = YES;
				MARKETING_VERSION = 1.0;
				PRODUCT_BUNDLE_IDENTIFIER = com.todoapp.FacebookCloneSwifUIUITests;
				PRODUCT_NAME = "$(TARGET_NAME)";
				SWIFT_EMIT_LOC_STRINGS = NO;
				SWIFT_VERSION = 5.0;
				TARGETED_DEVICE_FAMILY = "1,2";
				TEST_TARGET_NAME = FacebookCloneSwifUI;
			};
			name = Debug;
		};
		270A22222C9A562F005CE2C5 /* Release */ = {
			isa = XCBuildConfiguration;
			buildSettings = {
				CODE_SIGN_STYLE = Automatic;
				CURRENT_PROJECT_VERSION = 1;
				DEVELOPMENT_TEAM = R9W76YNY5A;
				GENERATE_INFOPLIST_FILE = YES;
				MARKETING_VERSION = 1.0;
				PRODUCT_BUNDLE_IDENTIFIER = com.todoapp.FacebookCloneSwifUIUITests;
				PRODUCT_NAME = "$(TARGET_NAME)";
				SWIFT_EMIT_LOC_STRINGS = NO;
				SWIFT_VERSION = 5.0;
				TARGETED_DEVICE_FAMILY = "1,2";
				TEST_TARGET_NAME = FacebookCloneSwifUI;
			};
			name = Release;
		};
/* End XCBuildConfiguration section */

/* Begin XCConfigurationList section */
		270A21F12C9A562C005CE2C5 /* Build configuration list for PBXProject "FacebookCloneSwifUI" */ = {
			isa = XCConfigurationList;
			buildConfigurations = (
				270A22182C9A562F005CE2C5 /* Debug */,
				270A22192C9A562F005CE2C5 /* Release */,
			);
			defaultConfigurationIsVisible = 0;
			defaultConfigurationName = Release;
		};
		270A221A2C9A562F005CE2C5 /* Build configuration list for PBXNativeTarget "FacebookCloneSwifUI" */ = {
			isa = XCConfigurationList;
			buildConfigurations = (
				270A221B2C9A562F005CE2C5 /* Debug */,
				270A221C2C9A562F005CE2C5 /* Release */,
			);
			defaultConfigurationIsVisible = 0;
			defaultConfigurationName = Release;
		};
		270A221D2C9A562F005CE2C5 /* Build configuration list for PBXNativeTarget "FacebookCloneSwifUITests" */ = {
			isa = XCConfigurationList;
			buildConfigurations = (
				270A221E2C9A562F005CE2C5 /* Debug */,
				270A221F2C9A562F005CE2C5 /* Release */,
			);
			defaultConfigurationIsVisible = 0;
			defaultConfigurationName = Release;
		};
		270A22202C9A562F005CE2C5 /* Build configuration list for PBXNativeTarget "FacebookCloneSwifUIUITests" */ = {
			isa = XCConfigurationList;
			buildConfigurations = (
				270A22212C9A562F005CE2C5 /* Debug */,
				270A22222C9A562F005CE2C5 /* Release */,
			);
			defaultConfigurationIsVisible = 0;
			defaultConfigurationName = Release;
		};
/* End XCConfigurationList section */
	};
	rootObject = 270A21EE2C9A562C005CE2C5 /* Project object */;
}
